
Microsoft Visual Studio Solution File, Format Version 12.00
# Visual Studio Version 16
VisualStudioVersion = 16.0.28803.156
MinimumVisualStudioVersion = 10.0.40219.1
Project("{FAE04EC0-301F-11D3-BF4B-00C04F79EFBC}") = "Web_Scraping", "Web_Scraping\Web_Scraping.csproj", "{7EF4665E-8566-4CE4-B4CF-98BE8B871ED5}"
EndProject
Global
	GlobalSection(SolutionConfigurationPlatforms) = preSolution
		Debug|Any CPU = Debug|Any CPU
		Release|Any CPU = Release|Any CPU
	EndGlobalSection
	GlobalSection(ProjectConfigurationPlatforms) = postSolution
		{7EF4665E-8566-4CE4-B4CF-98BE8B871ED5}.Debug|Any CPU.ActiveCfg = Debug|Any CPU
		{7EF4665E-8566-4CE4-B4CF-98BE8B871ED5}.Debug|Any CPU.Build.0 = Debug|Any CPU
		{7EF4665E-8566-4CE4-B4CF-98BE8B871ED5}.Release|Any CPU.ActiveCfg = Release|Any CPU
		{7EF4665E-8566-4CE4-B4CF-98BE8B871ED5}.Release|Any CPU.Build.0 = Release|Any CPU
	EndGlobalSection
	GlobalSection(SolutionProperties) = preSolution
		HideSolutionNode = FALSE
	EndGlobalSection
	GlobalSection(ExtensibilityGlobals) = postSolution
		SolutionGuid = {83AE2B67-6F1D-48ED-998F-7CF117872B00}
	EndGlobalSection
EndGlobal
